<?xml version="1.0" encoding="utf-8"?>
<Project ToolsVersion="4.0" xmlns="http://schemas.microsoft.com/developer/msbuild/2003">
  <ItemGroup>
    <Filter Include="Resource">
      <UniqueIdentifier>{4232f8f2-a47d-4018-8d80-5a3b99596ac4}</UniqueIdentifier>
    </Filter>
    <Filter Include="core">
      <UniqueIdentifier>{3d3c11b8-d3a8-4185-855c-9fd90abdbb34}</UniqueIdentifier>
    </Filter>
    <Filter Include="core\Scene">
      <UniqueIdentifier>{c0bf61dd-d924-4fe3-95ca-07d454c761fa}</UniqueIdentifier>
    </Filter>
    <Filter Include="core\Shader">
      <UniqueIdentifier>{7e746823-f26a-4c0b-907a-fa37609059da}</UniqueIdentifier>
    </Filter>
    <Filter Include="core\app">
      <UniqueIdentifier>{175d0080-e1b5-422e-aaa8-f9dadd9b249f}</UniqueIdentifier>
    </Filter>
    <Filter Include="core\Graphic">
      <UniqueIdentifier>{33c36f8e-f79c-4f24-ad90-24aa2d31f220}</UniqueIdentifier>
    </Filter>
    <Filter Include="core\Graphic\texture">
      <UniqueIdentifier>{49cb290f-a278-47e7-8a53-a725477b913f}</UniqueIdentifier>
    </Filter>
    <Filter Include="core\Graphic\Model">
      <UniqueIdentifier>{b9c08dd2-6fc1-4e63-81d6-0e80d8c697e0}</UniqueIdentifier>
    </Filter>
    <Filter Include="core\Graphic\color">
      <UniqueIdentifier>{68556d46-2bdf-49ec-8c21-12f243124b17}</UniqueIdentifier>
    </Filter>
    <Filter Include="core\Graphic\Light">
      <UniqueIdentifier>{7a9815cf-b2b2-45ad-abfd-978a5ed3d458}</UniqueIdentifier>
    </Filter>
    <Filter Include="core\Math">
      <UniqueIdentifier>{d112501c-f901-44cd-9f7c-a37d0662420d}</UniqueIdentifier>
    </Filter>
  </ItemGroup>
  <ItemGroup>
    <ClCompile Include="src\main.cpp" />
    <ClCompile Include="src\scene\scene.cpp">
      <Filter>core\Scene</Filter>
    </ClCompile>
    <ClCompile Include="src\graphic\cameraclass.cpp">
      <Filter>core\Graphic</Filter>
    </ClCompile>
    <ClCompile Include="src\graphic\d3dclass.cpp">
      <Filter>core\Graphic</Filter>
    </ClCompile>
    <ClCompile Include="src\app\systemclass.cpp">
      <Filter>core\app</Filter>
    </ClCompile>
    <ClCompile Include="src\app\inputclass.cpp">
      <Filter>core\app</Filter>
    </ClCompile>
    <ClCompile Include="src\graphic\textureshaderclass.cpp">
      <Filter>core\Graphic\texture</Filter>
    </ClCompile>
    <ClCompile Include="src\graphic\Texture.cpp">
      <Filter>core\Graphic\texture</Filter>
    </ClCompile>
    <ClCompile Include="src\graphic\colorshaderclass.cpp">
      <Filter>core\Graphic\color</Filter>
    </ClCompile>
    <ClCompile Include="src\graphic\TextureModel.cpp">
      <Filter>core\Graphic\Model</Filter>
    </ClCompile>
    <ClCompile Include="src\graphic\lightshaderclass.cpp">
      <Filter>core\Graphic\texture</Filter>
    </ClCompile>
    <ClCompile Include="src\graphic\light.cpp">
      <Filter>core\Graphic\Light</Filter>
    </ClCompile>
  </ItemGroup>
  <ItemGroup>
    <ClInclude Include="src\scene\scene.h">
      <Filter>core\Scene</Filter>
    </ClInclude>
    <ClInclude Include="src\graphic\cameraclass.h">
      <Filter>core\Graphic</Filter>
    </ClInclude>
    <ClInclude Include="src\graphic\d3dclass.h">
      <Filter>core\Graphic</Filter>
    </ClInclude>
    <ClInclude Include="src\app\systemclass.h">
      <Filter>core\app</Filter>
    </ClInclude>
    <ClInclude Include="src\app\inputclass.h">
      <Filter>core\app</Filter>
    </ClInclude>
    <ClInclude Include="src\math\Vertex.h">
      <Filter>core\Math</Filter>
    </ClInclude>
    <ClInclude Include="src\kpu.h" />
    <ClInclude Include="src\graphic\textureshaderclass.h">
      <Filter>core\Graphic\texture</Filter>
    </ClInclude>
    <ClInclude Include="src\graphic\Texture.h">
      <Filter>core\Graphic\texture</Filter>
    </ClInclude>
    <ClInclude Include="src\graphic\colorshaderclass.h">
      <Filter>core\Graphic\color</Filter>
    </ClInclude>
    <ClInclude Include="src\graphic\TextureModel.h">
      <Filter>core\Graphic\Model</Filter>
    </ClInclude>
    <ClInclude Include="src\graphic\lightshaderclass.h">
      <Filter>core\Graphic\texture</Filter>
    </ClInclude>
    <ClInclude Include="src\graphic\light.h">
      <Filter>core\Graphic\Light</Filter>
    </ClInclude>
  </ItemGroup>
  <ItemGroup>
    <None Include="src\graphic\shader\color.vs">
      <Filter>core\Shader</Filter>
    </None>
    <None Include="src\graphic\shader\color.ps">
      <Filter>core\Shader</Filter>
    </None>
    <None Include="src\graphic\shader\texture.ps">
      <Filter>core\Shader</Filter>
    </None>
    <None Include="src\graphic\shader\texture.vs">
      <Filter>core\Shader</Filter>
    </None>
    <None Include="src\graphic\shader\light.ps">
      <Filter>core\Shader</Filter>
    </None>
    <None Include="src\graphic\shader\light.vs">
      <Filter>core\Shader</Filter>
    </None>
    <None Include="data\zebu.fbx">
      <Filter>Resource</Filter>
    </None>
  </ItemGroup>
  <ItemGroup>
    <Image Include="data\seafloor.dds">
      <Filter>Resource</Filter>
    </Image>
  </ItemGroup>
</Project>