<?xml version="1.0" encoding="utf-8"?>
<Project ToolsVersion="4.0" xmlns="http://schemas.microsoft.com/developer/msbuild/2003">
  <ItemGroup>
    <Filter Include="소스 파일">
      <UniqueIdentifier>{4FC737F1-C7A5-4376-A066-2A32D752A2FF}</UniqueIdentifier>
      <Extensions>cpp;c;cc;cxx;def;odl;idl;hpj;bat;asm;asmx</Extensions>
    </Filter>
    <Filter Include="리소스 파일">
      <UniqueIdentifier>{67DA6AB6-F800-4c08-8B7A-83BB121AAD01}</UniqueIdentifier>
      <Extensions>rc;ico;cur;bmp;dlg;rc2;rct;bin;rgs;gif;jpg;jpeg;jpe;resx;tiff;tif;png;wav;mfcribbon-ms</Extensions>
    </Filter>
    <Filter Include="shader">
      <UniqueIdentifier>{4a5063f8-0622-4894-84b4-da29774ac3e1}</UniqueIdentifier>
    </Filter>
    <Filter Include="Mesh">
      <UniqueIdentifier>{cde89374-ed1f-4ca1-9c10-bd3e3fdea379}</UniqueIdentifier>
    </Filter>
    <Filter Include="SYSTEM">
      <UniqueIdentifier>{93995380-89BD-4b04-88EB-625FBE52EBFB}</UniqueIdentifier>
      <Extensions>h;hh;hpp;hxx;hm;inl;inc;xsd</Extensions>
    </Filter>
    <Filter Include="Asset">
      <UniqueIdentifier>{f6fabde5-3cf9-448c-ae9e-4b2c70036c9b}</UniqueIdentifier>
    </Filter>
  </ItemGroup>
  <ItemGroup>
    <ClCompile Include="cameraclass.cpp">
      <Filter>소스 파일</Filter>
    </ClCompile>
    <ClCompile Include="d3dclass.cpp">
      <Filter>소스 파일</Filter>
    </ClCompile>
    <ClCompile Include="graphicsclass.cpp">
      <Filter>소스 파일</Filter>
    </ClCompile>
    <ClCompile Include="modelclass.cpp">
      <Filter>소스 파일</Filter>
    </ClCompile>
    <ClCompile Include="Mesh.cpp">
      <Filter>Mesh</Filter>
    </ClCompile>
    <ClCompile Include="main.cpp">
      <Filter>SYSTEM</Filter>
    </ClCompile>
    <ClCompile Include="pch.cpp">
      <Filter>SYSTEM</Filter>
    </ClCompile>
    <ClCompile Include="systemclass.cpp">
      <Filter>SYSTEM</Filter>
    </ClCompile>
    <ClCompile Include="inputclass.cpp">
      <Filter>SYSTEM</Filter>
    </ClCompile>
    <ClCompile Include="lightshaderclass.cpp">
      <Filter>shader</Filter>
    </ClCompile>
    <ClCompile Include="colorshaderclass.cpp">
      <Filter>shader</Filter>
    </ClCompile>
    <ClCompile Include="textureclass.cpp">
      <Filter>소스 파일</Filter>
    </ClCompile>
  </ItemGroup>
  <ItemGroup>
    <ClInclude Include="cameraclass.h">
      <Filter>소스 파일</Filter>
    </ClInclude>
    <ClInclude Include="d3dclass.h">
      <Filter>소스 파일</Filter>
    </ClInclude>
    <ClInclude Include="graphicsclass.h">
      <Filter>소스 파일</Filter>
    </ClInclude>
    <ClInclude Include="modelclass.h">
      <Filter>소스 파일</Filter>
    </ClInclude>
    <ClInclude Include="Mesh.h">
      <Filter>Mesh</Filter>
    </ClInclude>
    <ClInclude Include="pch.h">
      <Filter>SYSTEM</Filter>
    </ClInclude>
    <ClInclude Include="systemclass.h">
      <Filter>SYSTEM</Filter>
    </ClInclude>
    <ClInclude Include="inputclass.h">
      <Filter>SYSTEM</Filter>
    </ClInclude>
    <ClInclude Include="lightshaderclass.h">
      <Filter>shader</Filter>
    </ClInclude>
    <ClInclude Include="colorshaderclass.h">
      <Filter>shader</Filter>
    </ClInclude>
    <ClInclude Include="textureclass.h">
      <Filter>소스 파일</Filter>
    </ClInclude>
  </ItemGroup>
  <ItemGroup>
    <None Include="shader\color.ps">
      <Filter>shader</Filter>
    </None>
    <None Include="shader\color.vs">
      <Filter>shader</Filter>
    </None>
    <None Include="light.ps">
      <Filter>shader</Filter>
    </None>
    <None Include="light.vs">
      <Filter>shader</Filter>
    </None>
  </ItemGroup>
  <ItemGroup>
    <ImageContentTask Include="..\Asset\white.png">
      <Filter>Asset</Filter>
    </ImageContentTask>
  </ItemGroup>
</Project>