<?xml version="1.0" encoding="utf-8"?>
<Project ToolsVersion="4.0" xmlns="http://schemas.microsoft.com/developer/msbuild/2003">
  <ItemGroup>
    <Filter Include="shader">
      <UniqueIdentifier>{4a5063f8-0622-4894-84b4-da29774ac3e1}</UniqueIdentifier>
    </Filter>
    <Filter Include="Mesh">
      <UniqueIdentifier>{cde89374-ed1f-4ca1-9c10-bd3e3fdea379}</UniqueIdentifier>
    </Filter>
    <Filter Include="Asset">
      <UniqueIdentifier>{f6fabde5-3cf9-448c-ae9e-4b2c70036c9b}</UniqueIdentifier>
    </Filter>
    <Filter Include="Graphic">
      <UniqueIdentifier>{91977691-c4f1-4483-9d9b-3bcefb51a488}</UniqueIdentifier>
    </Filter>
    <Filter Include="System">
      <UniqueIdentifier>{4e22edaf-c55f-4433-a9df-919ce933c466}</UniqueIdentifier>
    </Filter>
  </ItemGroup>
  <ItemGroup>
    <ClCompile Include="Mesh.cpp">
      <Filter>Mesh</Filter>
    </ClCompile>
    <ClCompile Include="lightshaderclass.cpp">
      <Filter>shader</Filter>
    </ClCompile>
    <ClCompile Include="colorshaderclass.cpp">
      <Filter>shader</Filter>
    </ClCompile>
    <ClCompile Include="cameraclass.cpp">
      <Filter>Graphic</Filter>
    </ClCompile>
    <ClCompile Include="d3dclass.cpp">
      <Filter>Graphic</Filter>
    </ClCompile>
    <ClCompile Include="graphicsclass.cpp">
      <Filter>Graphic</Filter>
    </ClCompile>
    <ClCompile Include="textureclass.cpp">
      <Filter>Graphic</Filter>
    </ClCompile>
    <ClCompile Include="Model.cpp">
      <Filter>Mesh</Filter>
    </ClCompile>
    <ClCompile Include="StaticMesh.cpp">
      <Filter>Mesh</Filter>
    </ClCompile>
    <ClCompile Include="inputclass.cpp">
      <Filter>System</Filter>
    </ClCompile>
    <ClCompile Include="main.cpp">
      <Filter>System</Filter>
    </ClCompile>
    <ClCompile Include="pch.cpp">
      <Filter>System</Filter>
    </ClCompile>
    <ClCompile Include="systemclass.cpp">
      <Filter>System</Filter>
    </ClCompile>
    <ClCompile Include="timer.cpp">
      <Filter>System</Filter>
    </ClCompile>
  </ItemGroup>
  <ItemGroup>
    <ClInclude Include="Mesh.h">
      <Filter>Mesh</Filter>
    </ClInclude>
    <ClInclude Include="lightshaderclass.h">
      <Filter>shader</Filter>
    </ClInclude>
    <ClInclude Include="cameraclass.h">
      <Filter>Graphic</Filter>
    </ClInclude>
    <ClInclude Include="d3dclass.h">
      <Filter>Graphic</Filter>
    </ClInclude>
    <ClInclude Include="graphicsclass.h">
      <Filter>Graphic</Filter>
    </ClInclude>
    <ClInclude Include="textureclass.h">
      <Filter>Graphic</Filter>
    </ClInclude>
    <ClInclude Include="Model.h">
      <Filter>Mesh</Filter>
    </ClInclude>
    <ClInclude Include="StaticMesh.h">
      <Filter>Mesh</Filter>
    </ClInclude>
    <ClInclude Include="inputclass.h">
      <Filter>System</Filter>
    </ClInclude>
    <ClInclude Include="pch.h">
      <Filter>System</Filter>
    </ClInclude>
    <ClInclude Include="systemclass.h">
      <Filter>System</Filter>
    </ClInclude>
    <ClInclude Include="timer.h">
      <Filter>System</Filter>
    </ClInclude>
    <ClInclude Include="colorshaderclass.h">
      <Filter>shader</Filter>
    </ClInclude>
  </ItemGroup>
  <ItemGroup>
    <None Include="shader\color.ps">
      <Filter>shader</Filter>
    </None>
    <None Include="shader\color.vs">
      <Filter>shader</Filter>
    </None>
    <None Include="light.ps">
      <Filter>shader</Filter>
    </None>
    <None Include="light.vs">
      <Filter>shader</Filter>
    </None>
  </ItemGroup>
  <ItemGroup>
    <ImageContentTask Include="..\Asset\white.png">
      <Filter>Asset</Filter>
    </ImageContentTask>
  </ItemGroup>
</Project>